dependencies:
- name: valkey
  repository: oci://registry-1.docker.io/bitnamicharts
  version: 2.4.7
- name: harbor-scanner-trivy
  repository: https://aquasecurity.github.io/helm-charts/
  version: 0.31.2
digest: sha256:1d535c79da54efff38f96bbe3c4537e91bf408ab0e3b7a2c3833730686891bae
generated: "2025-12-08T18:52:39.813353+01:00"
